// !$*UTF8*$!
{
	archiveVersion = 1;
	classes = {
	};
	objectVersion = 55;
	objects = {

/* Begin PBXBuildFile section */
		3F301E64292D16940099E00F /* String+Frame.swift in Sources */ = {isa = PBXBuildFile; fileRef = 3F301E63292D16940099E00F /* String+Frame.swift */; };
		3F301E66292D171B0099E00F /* UIImage+Inset.swift in Sources */ = {isa = PBXBuildFile; fileRef = 3F301E65292D171A0099E00F /* UIImage+Inset.swift */; };
		3F301E68292D17D50099E00F /* String+Attribute.swift in Sources */ = {isa = PBXBuildFile; fileRef = 3F301E67292D17D50099E00F /* String+Attribute.swift */; };
		3F301E6A292D189D0099E00F /* UIColor+CustomColor.swift in Sources */ = {isa = PBXBuildFile; fileRef = 3F301E69292D189D0099E00F /* UIColor+CustomColor.swift */; };
		3F301E6C292D18B70099E00F /* UIColor+Brightness.swift in Sources */ = {isa = PBXBuildFile; fileRef = 3F301E6B292D18B70099E00F /* UIColor+Brightness.swift */; };
		3F301E6E292D238D0099E00F /* NSAttributedString+Frame.swift in Sources */ = {isa = PBXBuildFile; fileRef = 3F301E6D292D238D0099E00F /* NSAttributedString+Frame.swift */; };
		3F3DB5DC2926A5EC00507AAC /* Response.swift in Sources */ = {isa = PBXBuildFile; fileRef = 3F3DB5DB2926A5EC00507AAC /* Response.swift */; };
		41020ADE290D451C00528441 /* HeaderReusableView.swift in Sources */ = {isa = PBXBuildFile; fileRef = 41020ADD290D451C00528441 /* HeaderReusableView.swift */; };
		410C3A2F2909C172000A6961 /* Offer.swift in Sources */ = {isa = PBXBuildFile; fileRef = 410C3A2E2909C172000A6961 /* Offer.swift */; };
		410C3A312909D440000A6961 /* Contents.swift in Sources */ = {isa = PBXBuildFile; fileRef = 410C3A302909D440000A6961 /* Contents.swift */; };
		4199D90529092E430022907F /* AppDelegate.swift in Sources */ = {isa = PBXBuildFile; fileRef = 4199D90429092E430022907F /* AppDelegate.swift */; };
		4199D90929092E430022907F /* MainViewContoller.swift in Sources */ = {isa = PBXBuildFile; fileRef = 4199D90829092E430022907F /* MainViewContoller.swift */; };
		4199D90E29092E450022907F /* Assets.xcassets in Resources */ = {isa = PBXBuildFile; fileRef = 4199D90D29092E450022907F /* Assets.xcassets */; };
		4199D91129092E450022907F /* LaunchScreen.storyboard in Resources */ = {isa = PBXBuildFile; fileRef = 4199D90F29092E450022907F /* LaunchScreen.storyboard */; };
		4199D91D290981720022907F /* OfferCollectionViewCell.swift in Sources */ = {isa = PBXBuildFile; fileRef = 4199D91C290981720022907F /* OfferCollectionViewCell.swift */; };
		4199D91F290993CD0022907F /* NetworkService.swift in Sources */ = {isa = PBXBuildFile; fileRef = 4199D91E290993CD0022907F /* NetworkService.swift */; };
		41FD37AD290AE62100772212 /* MainView.swift in Sources */ = {isa = PBXBuildFile; fileRef = 41FD37AC290AE62100772212 /* MainView.swift */; };
/* End PBXBuildFile section */

/* Begin PBXFileReference section */
		3F301E63292D16940099E00F /* String+Frame.swift */ = {isa = PBXFileReference; lastKnownFileType = sourcecode.swift; path = "String+Frame.swift"; sourceTree = "<group>"; };
		3F301E65292D171A0099E00F /* UIImage+Inset.swift */ = {isa = PBXFileReference; lastKnownFileType = sourcecode.swift; path = "UIImage+Inset.swift"; sourceTree = "<group>"; };
		3F301E67292D17D50099E00F /* String+Attribute.swift */ = {isa = PBXFileReference; lastKnownFileType = sourcecode.swift; path = "String+Attribute.swift"; sourceTree = "<group>"; };
		3F301E69292D189D0099E00F /* UIColor+CustomColor.swift */ = {isa = PBXFileReference; lastKnownFileType = sourcecode.swift; path = "UIColor+CustomColor.swift"; sourceTree = "<group>"; };
		3F301E6B292D18B70099E00F /* UIColor+Brightness.swift */ = {isa = PBXFileReference; lastKnownFileType = sourcecode.swift; path = "UIColor+Brightness.swift"; sourceTree = "<group>"; };
		3F301E6D292D238D0099E00F /* NSAttributedString+Frame.swift */ = {isa = PBXFileReference; lastKnownFileType = sourcecode.swift; path = "NSAttributedString+Frame.swift"; sourceTree = "<group>"; };
		3F3DB5DB2926A5EC00507AAC /* Response.swift */ = {isa = PBXFileReference; lastKnownFileType = sourcecode.swift; path = Response.swift; sourceTree = "<group>"; };
		3F3FD574292940EC004F938C /* avito-test-2020.entitlements */ = {isa = PBXFileReference; lastKnownFileType = text.plist.entitlements; path = "avito-test-2020.entitlements"; sourceTree = "<group>"; };
		41020ADD290D451C00528441 /* HeaderReusableView.swift */ = {isa = PBXFileReference; lastKnownFileType = sourcecode.swift; path = HeaderReusableView.swift; sourceTree = "<group>"; };
		410C3A2E2909C172000A6961 /* Offer.swift */ = {isa = PBXFileReference; lastKnownFileType = sourcecode.swift; path = Offer.swift; sourceTree = "<group>"; };
		410C3A302909D440000A6961 /* Contents.swift */ = {isa = PBXFileReference; lastKnownFileType = sourcecode.swift; path = Contents.swift; sourceTree = "<group>"; };
		4199D90129092E430022907F /* avito-test-2020.app */ = {isa = PBXFileReference; explicitFileType = wrapper.application; includeInIndex = 0; path = "avito-test-2020.app"; sourceTree = BUILT_PRODUCTS_DIR; };
		4199D90429092E430022907F /* AppDelegate.swift */ = {isa = PBXFileReference; lastKnownFileType = sourcecode.swift; path = AppDelegate.swift; sourceTree = "<group>"; };
		4199D90829092E430022907F /* MainViewContoller.swift */ = {isa = PBXFileReference; lastKnownFileType = sourcecode.swift; path = MainViewContoller.swift; sourceTree = "<group>"; };
		4199D90D29092E450022907F /* Assets.xcassets */ = {isa = PBXFileReference; lastKnownFileType = folder.assetcatalog; path = Assets.xcassets; sourceTree = "<group>"; };
		4199D91029092E450022907F /* Base */ = {isa = PBXFileReference; lastKnownFileType = file.storyboard; name = Base; path = Base.lproj/LaunchScreen.storyboard; sourceTree = "<group>"; };
		4199D91229092E450022907F /* Info.plist */ = {isa = PBXFileReference; lastKnownFileType = text.plist.xml; path = Info.plist; sourceTree = "<group>"; };
		4199D91C290981720022907F /* OfferCollectionViewCell.swift */ = {isa = PBXFileReference; lastKnownFileType = sourcecode.swift; path = OfferCollectionViewCell.swift; sourceTree = "<group>"; };
		4199D91E290993CD0022907F /* NetworkService.swift */ = {isa = PBXFileReference; lastKnownFileType = sourcecode.swift; path = NetworkService.swift; sourceTree = "<group>"; };
		41FD37AC290AE62100772212 /* MainView.swift */ = {isa = PBXFileReference; lastKnownFileType = sourcecode.swift; path = MainView.swift; sourceTree = "<group>"; };
/* End PBXFileReference section */

/* Begin PBXFrameworksBuildPhase section */
		4199D8FE29092E430022907F /* Frameworks */ = {
			isa = PBXFrameworksBuildPhase;
			buildActionMask = 2147483647;
			files = (
			);
			runOnlyForDeploymentPostprocessing = 0;
		};
/* End PBXFrameworksBuildPhase section */

/* Begin PBXGroup section */
		3F301E62292D16640099E00F /* Extension */ = {
			isa = PBXGroup;
			children = (
				3F301E63292D16940099E00F /* String+Frame.swift */,
				3F301E65292D171A0099E00F /* UIImage+Inset.swift */,
				3F301E67292D17D50099E00F /* String+Attribute.swift */,
				3F301E69292D189D0099E00F /* UIColor+CustomColor.swift */,
				3F301E6B292D18B70099E00F /* UIColor+Brightness.swift */,
				3F301E6D292D238D0099E00F /* NSAttributedString+Frame.swift */,
			);
			path = Extension;
			sourceTree = "<group>";
		};
		3F5CECCB292E8B13009B463C /* Service */ = {
			isa = PBXGroup;
			children = (
				4199D91E290993CD0022907F /* NetworkService.swift */,
			);
			path = Service;
			sourceTree = "<group>";
		};
		4199D8F829092E430022907F = {
			isa = PBXGroup;
			children = (
				4199D90329092E430022907F /* avito-test-2020 */,
				4199D90229092E430022907F /* Products */,
			);
			sourceTree = "<group>";
		};
		4199D90229092E430022907F /* Products */ = {
			isa = PBXGroup;
			children = (
				4199D90129092E430022907F /* avito-test-2020.app */,
			);
			name = Products;
			sourceTree = "<group>";
		};
		4199D90329092E430022907F /* avito-test-2020 */ = {
			isa = PBXGroup;
			children = (
				3F3FD574292940EC004F938C /* avito-test-2020.entitlements */,
				41FD37AA290AE4AC00772212 /* Model */,
				41FD37A9290AE4A400772212 /* View */,
				41FD37A7290AE42A00772212 /* Controller */,
				3F5CECCB292E8B13009B463C /* Service */,
				3F301E62292D16640099E00F /* Extension */,
				41FD37AB290AE4C900772212 /* Core */,
				41FD37A8290AE45600772212 /* Resources */,
			);
			path = "avito-test-2020";
			sourceTree = "<group>";
		};
		41FD37A7290AE42A00772212 /* Controller */ = {
			isa = PBXGroup;
			children = (
				4199D90829092E430022907F /* MainViewContoller.swift */,
			);
			path = Controller;
			sourceTree = "<group>";
		};
		41FD37A8290AE45600772212 /* Resources */ = {
			isa = PBXGroup;
			children = (
				4199D90D29092E450022907F /* Assets.xcassets */,
				4199D90F29092E450022907F /* LaunchScreen.storyboard */,
			);
			path = Resources;
			sourceTree = "<group>";
		};
		41FD37A9290AE4A400772212 /* View */ = {
			isa = PBXGroup;
			children = (
				41FD37AC290AE62100772212 /* MainView.swift */,
				4199D91C290981720022907F /* OfferCollectionViewCell.swift */,
				41020ADD290D451C00528441 /* HeaderReusableView.swift */,
			);
			path = View;
			sourceTree = "<group>";
		};
		41FD37AA290AE4AC00772212 /* Model */ = {
			isa = PBXGroup;
			children = (
				410C3A302909D440000A6961 /* Contents.swift */,
				410C3A2E2909C172000A6961 /* Offer.swift */,
				3F3DB5DB2926A5EC00507AAC /* Response.swift */,
			);
			path = Model;
			sourceTree = "<group>";
		};
		41FD37AB290AE4C900772212 /* Core */ = {
			isa = PBXGroup;
			children = (
				4199D90429092E430022907F /* AppDelegate.swift */,
				4199D91229092E450022907F /* Info.plist */,
			);
			path = Core;
			sourceTree = "<group>";
		};
/* End PBXGroup section */

/* Begin PBXNativeTarget section */
		4199D90029092E430022907F /* avito-test-2020 */ = {
			isa = PBXNativeTarget;
			buildConfigurationList = 4199D91529092E450022907F /* Build configuration list for PBXNativeTarget "avito-test-2020" */;
			buildPhases = (
				4199D8FD29092E430022907F /* Sources */,
				4199D8FE29092E430022907F /* Frameworks */,
				4199D8FF29092E430022907F /* Resources */,
			);
			buildRules = (
			);
			dependencies = (
			);
			name = "avito-test-2020";
			productName = "avito-test-2020";
			productReference = 4199D90129092E430022907F /* avito-test-2020.app */;
			productType = "com.apple.product-type.application";
		};
/* End PBXNativeTarget section */

/* Begin PBXProject section */
		4199D8F929092E430022907F /* Project object */ = {
			isa = PBXProject;
			attributes = {
				BuildIndependentTargetsInParallel = 1;
				LastSwiftUpdateCheck = 1320;
				LastUpgradeCheck = 1320;
				TargetAttributes = {
					4199D90029092E430022907F = {
						CreatedOnToolsVersion = 13.2.1;
					};
				};
			};
			buildConfigurationList = 4199D8FC29092E430022907F /* Build configuration list for PBXProject "avito-test-2020" */;
			compatibilityVersion = "Xcode 13.0";
			developmentRegion = en;
			hasScannedForEncodings = 0;
			knownRegions = (
				en,
				Base,
			);
			mainGroup = 4199D8F829092E430022907F;
			productRefGroup = 4199D90229092E430022907F /* Products */;
			projectDirPath = "";
			projectRoot = "";
			targets = (
				4199D90029092E430022907F /* avito-test-2020 */,
			);
		};
/* End PBXProject section */

/* Begin PBXResourcesBuildPhase section */
		4199D8FF29092E430022907F /* Resources */ = {
			isa = PBXResourcesBuildPhase;
			buildActionMask = 2147483647;
			files = (
				4199D91129092E450022907F /* LaunchScreen.storyboard in Resources */,
				4199D90E29092E450022907F /* Assets.xcassets in Resources */,
			);
			runOnlyForDeploymentPostprocessing = 0;
		};
/* End PBXResourcesBuildPhase section */

/* Begin PBXSourcesBuildPhase section */
		4199D8FD29092E430022907F /* Sources */ = {
			isa = PBXSourcesBuildPhase;
			buildActionMask = 2147483647;
			files = (
				4199D90929092E430022907F /* MainViewContoller.swift in Sources */,
				3F301E66292D171B0099E00F /* UIImage+Inset.swift in Sources */,
				3F301E6A292D189D0099E00F /* UIColor+CustomColor.swift in Sources */,
				41020ADE290D451C00528441 /* HeaderReusableView.swift in Sources */,
				41FD37AD290AE62100772212 /* MainView.swift in Sources */,
				4199D91D290981720022907F /* OfferCollectionViewCell.swift in Sources */,
				3F301E64292D16940099E00F /* String+Frame.swift in Sources */,
				3F3DB5DC2926A5EC00507AAC /* Response.swift in Sources */,
				410C3A312909D440000A6961 /* Contents.swift in Sources */,
				3F301E6C292D18B70099E00F /* UIColor+Brightness.swift in Sources */,
				3F301E68292D17D50099E00F /* String+Attribute.swift in Sources */,
				410C3A2F2909C172000A6961 /* Offer.swift in Sources */,
				4199D90529092E430022907F /* AppDelegate.swift in Sources */,
				4199D91F290993CD0022907F /* NetworkService.swift in Sources */,
				3F301E6E292D238D0099E00F /* NSAttributedString+Frame.swift in Sources */,
			);
			runOnlyForDeploymentPostprocessing = 0;
		};
/* End PBXSourcesBuildPhase section */

/* Begin PBXVariantGroup section */
		4199D90F29092E450022907F /* LaunchScreen.storyboard */ = {
			isa = PBXVariantGroup;
			children = (
				4199D91029092E450022907F /* Base */,
			);
			name = LaunchScreen.storyboard;
			sourceTree = "<group>";
		};
/* End PBXVariantGroup section */

/* Begin XCBuildConfiguration section */
		4199D91329092E450022907F /* Debug */ = {
			isa = XCBuildConfiguration;
			buildSettings = {
				ALWAYS_SEARCH_USER_PATHS = NO;
				CLANG_ANALYZER_NONNULL = YES;
				CLANG_ANALYZER_NUMBER_OBJECT_CONVERSION = YES_AGGRESSIVE;
				CLANG_CXX_LANGUAGE_STANDARD = "gnu++17";
				CLANG_CXX_LIBRARY = "libc++";
				CLANG_ENABLE_MODULES = YES;
				CLANG_ENABLE_OBJC_ARC = YES;
				CLANG_ENABLE_OBJC_WEAK = YES;
				CLANG_WARN_BLOCK_CAPTURE_AUTORELEASING = YES;
				CLANG_WARN_BOOL_CONVERSION = YES;
				CLANG_WARN_COMMA = YES;
				CLANG_WARN_CONSTANT_CONVERSION = YES;
				CLANG_WARN_DEPRECATED_OBJC_IMPLEMENTATIONS = YES;
				CLANG_WARN_DIRECT_OBJC_ISA_USAGE = YES_ERROR;
				CLANG_WARN_DOCUMENTATION_COMMENTS = YES;
				CLANG_WARN_EMPTY_BODY = YES;
				CLANG_WARN_ENUM_CONVERSION = YES;
				CLANG_WARN_INFINITE_RECURSION = YES;
				CLANG_WARN_INT_CONVERSION = YES;
				CLANG_WARN_NON_LITERAL_NULL_CONVERSION = YES;
				CLANG_WARN_OBJC_IMPLICIT_RETAIN_SELF = YES;
				CLANG_WARN_OBJC_LITERAL_CONVERSION = YES;
				CLANG_WARN_OBJC_ROOT_CLASS = YES_ERROR;
				CLANG_WARN_QUOTED_INCLUDE_IN_FRAMEWORK_HEADER = YES;
				CLANG_WARN_RANGE_LOOP_ANALYSIS = YES;
				CLANG_WARN_STRICT_PROTOTYPES = YES;
				CLANG_WARN_SUSPICIOUS_MOVE = YES;
				CLANG_WARN_UNGUARDED_AVAILABILITY = YES_AGGRESSIVE;
				CLANG_WARN_UNREACHABLE_CODE = YES;
				CLANG_WARN__DUPLICATE_METHOD_MATCH = YES;
				COPY_PHASE_STRIP = NO;
				DEBUG_INFORMATION_FORMAT = dwarf;
				ENABLE_STRICT_OBJC_MSGSEND = YES;
				ENABLE_TESTABILITY = YES;
				GCC_C_LANGUAGE_STANDARD = gnu11;
				GCC_DYNAMIC_NO_PIC = NO;
				GCC_NO_COMMON_BLOCKS = YES;
				GCC_OPTIMIZATION_LEVEL = 0;
				GCC_PREPROCESSOR_DEFINITIONS = (
					"DEBUG=1",
					"$(inherited)",
				);
				GCC_WARN_64_TO_32_BIT_CONVERSION = YES;
				GCC_WARN_ABOUT_RETURN_TYPE = YES_ERROR;
				GCC_WARN_UNDECLARED_SELECTOR = YES;
				GCC_WARN_UNINITIALIZED_AUTOS = YES_AGGRESSIVE;
				GCC_WARN_UNUSED_FUNCTION = YES;
				GCC_WARN_UNUSED_VARIABLE = YES;
				INFOPLIST_FILE = "avito-test-2020/Core/Info.plist";
				"INFOPLIST_FILE[sdk=*]" = "avito-test-2020/Core/Info.plist";
				IPHONEOS_DEPLOYMENT_TARGET = 12.4;
				MTL_ENABLE_DEBUG_INFO = INCLUDE_SOURCE;
				MTL_FAST_MATH = YES;
				ONLY_ACTIVE_ARCH = YES;
				SDKROOT = iphoneos;
				SWIFT_ACTIVE_COMPILATION_CONDITIONS = DEBUG;
				SWIFT_OPTIMIZATION_LEVEL = "-Onone";
			};
			name = Debug;
		};
		4199D91429092E450022907F /* Release */ = {
			isa = XCBuildConfiguration;
			buildSettings = {
				ALWAYS_SEARCH_USER_PATHS = NO;
				CLANG_ANALYZER_NONNULL = YES;
				CLANG_ANALYZER_NUMBER_OBJECT_CONVERSION = YES_AGGRESSIVE;
				CLANG_CXX_LANGUAGE_STANDARD = "gnu++17";
				CLANG_CXX_LIBRARY = "libc++";
				CLANG_ENABLE_MODULES = YES;
				CLANG_ENABLE_OBJC_ARC = YES;
				CLANG_ENABLE_OBJC_WEAK = YES;
				CLANG_WARN_BLOCK_CAPTURE_AUTORELEASING = YES;
				CLANG_WARN_BOOL_CONVERSION = YES;
				CLANG_WARN_COMMA = YES;
				CLANG_WARN_CONSTANT_CONVERSION = YES;
				CLANG_WARN_DEPRECATED_OBJC_IMPLEMENTATIONS = YES;
				CLANG_WARN_DIRECT_OBJC_ISA_USAGE = YES_ERROR;
				CLANG_WARN_DOCUMENTATION_COMMENTS = YES;
				CLANG_WARN_EMPTY_BODY = YES;
				CLANG_WARN_ENUM_CONVERSION = YES;
				CLANG_WARN_INFINITE_RECURSION = YES;
				CLANG_WARN_INT_CONVERSION = YES;
				CLANG_WARN_NON_LITERAL_NULL_CONVERSION = YES;
				CLANG_WARN_OBJC_IMPLICIT_RETAIN_SELF = YES;
				CLANG_WARN_OBJC_LITERAL_CONVERSION = YES;
				CLANG_WARN_OBJC_ROOT_CLASS = YES_ERROR;
				CLANG_WARN_QUOTED_INCLUDE_IN_FRAMEWORK_HEADER = YES;
				CLANG_WARN_RANGE_LOOP_ANALYSIS = YES;
				CLANG_WARN_STRICT_PROTOTYPES = YES;
				CLANG_WARN_SUSPICIOUS_MOVE = YES;
				CLANG_WARN_UNGUARDED_AVAILABILITY = YES_AGGRESSIVE;
				CLANG_WARN_UNREACHABLE_CODE = YES;
				CLANG_WARN__DUPLICATE_METHOD_MATCH = YES;
				COPY_PHASE_STRIP = NO;
				DEBUG_INFORMATION_FORMAT = "dwarf-with-dsym";
				ENABLE_NS_ASSERTIONS = NO;
				ENABLE_STRICT_OBJC_MSGSEND = YES;
				GCC_C_LANGUAGE_STANDARD = gnu11;
				GCC_NO_COMMON_BLOCKS = YES;
				GCC_WARN_64_TO_32_BIT_CONVERSION = YES;
				GCC_WARN_ABOUT_RETURN_TYPE = YES_ERROR;
				GCC_WARN_UNDECLARED_SELECTOR = YES;
				GCC_WARN_UNINITIALIZED_AUTOS = YES_AGGRESSIVE;
				GCC_WARN_UNUSED_FUNCTION = YES;
				GCC_WARN_UNUSED_VARIABLE = YES;
				INFOPLIST_FILE = "avito-test-2020/Core/Info.plist";
				"INFOPLIST_FILE[sdk=*]" = "avito-test-2020/Core/Info.plist";
				IPHONEOS_DEPLOYMENT_TARGET = 12.4;
				MTL_ENABLE_DEBUG_INFO = NO;
				MTL_FAST_MATH = YES;
				SDKROOT = iphoneos;
				SWIFT_COMPILATION_MODE = wholemodule;
				SWIFT_OPTIMIZATION_LEVEL = "-O";
				VALIDATE_PRODUCT = YES;
			};
			name = Release;
		};
		4199D91629092E450022907F /* Debug */ = {
			isa = XCBuildConfiguration;
			buildSettings = {
				ASSETCATALOG_COMPILER_APPICON_NAME = AppIcon;
				ASSETCATALOG_COMPILER_GLOBAL_ACCENT_COLOR_NAME = AccentColor;
				CODE_SIGN_ENTITLEMENTS = "avito-test-2020/avito-test-2020.entitlements";
				CODE_SIGN_IDENTITY = "Apple Development";
				CODE_SIGN_STYLE = Automatic;
				CURRENT_PROJECT_VERSION = 1;
				DEVELOPMENT_TEAM = YZU63GB4P5;
				GENERATE_INFOPLIST_FILE = YES;
				INFOPLIST_FILE = "avito-test-2020/Core/Info.plist";
				INFOPLIST_KEY_UIApplicationSupportsIndirectInputEvents = YES;
				INFOPLIST_KEY_UILaunchStoryboardName = LaunchScreen;
				INFOPLIST_KEY_UIRequiresFullScreen = YES;
				INFOPLIST_KEY_UISupportedInterfaceOrientations = UIInterfaceOrientationPortrait;
				INFOPLIST_KEY_UISupportedInterfaceOrientations_iPad = UIInterfaceOrientationPortrait;
				INFOPLIST_KEY_UISupportedInterfaceOrientations_iPhone = UIInterfaceOrientationPortrait;
				IPHONEOS_DEPLOYMENT_TARGET = 12.4;
				LD_RUNPATH_SEARCH_PATHS = (
					"$(inherited)",
					"@executable_path/Frameworks",
				);
				MARKETING_VERSION = 1.0;
				PRODUCT_BUNDLE_IDENTIFIER = "anemesis.avito-test-2020";
				PRODUCT_NAME = "$(TARGET_NAME)";
				PROVISIONING_PROFILE_SPECIFIER = "";
				SWIFT_EMIT_LOC_STRINGS = YES;
				SWIFT_VERSION = 5.0;
				TARGETED_DEVICE_FAMILY = "1,2";
			};
			name = Debug;
		};
		4199D91729092E450022907F /* Release */ = {
			isa = XCBuildConfiguration;
			buildSettings = {
				ASSETCATALOG_COMPILER_APPICON_NAME = AppIcon;
				ASSETCATALOG_COMPILER_GLOBAL_ACCENT_COLOR_NAME = AccentColor;
				CODE_SIGN_ENTITLEMENTS = "avito-test-2020/avito-test-2020.entitlements";
				CODE_SIGN_IDENTITY = "Apple Development";
				CODE_SIGN_STYLE = Automatic;
				CURRENT_PROJECT_VERSION = 1;
				DEVELOPMENT_TEAM = YZU63GB4P5;
				GENERATE_INFOPLIST_FILE = YES;
				INFOPLIST_FILE = "avito-test-2020/Core/Info.plist";
				INFOPLIST_KEY_UIApplicationSupportsIndirectInputEvents = YES;
				INFOPLIST_KEY_UILaunchStoryboardName = LaunchScreen;
				INFOPLIST_KEY_UIRequiresFullScreen = YES;
				INFOPLIST_KEY_UISupportedInterfaceOrientations = UIInterfaceOrientationPortrait;
				INFOPLIST_KEY_UISupportedInterfaceOrientations_iPad = UIInterfaceOrientationPortrait;
				INFOPLIST_KEY_UISupportedInterfaceOrientations_iPhone = UIInterfaceOrientationPortrait;
				IPHONEOS_DEPLOYMENT_TARGET = 12.4;
				LD_RUNPATH_SEARCH_PATHS = (
					"$(inherited)",
					"@executable_path/Frameworks",
				);
				MARKETING_VERSION = 1.0;
				PRODUCT_BUNDLE_IDENTIFIER = "anemesis.avito-test-2020";
				PRODUCT_NAME = "$(TARGET_NAME)";
				PROVISIONING_PROFILE_SPECIFIER = "";
				SWIFT_EMIT_LOC_STRINGS = YES;
				SWIFT_VERSION = 5.0;
				TARGETED_DEVICE_FAMILY = "1,2";
			};
			name = Release;
		};
/* End XCBuildConfiguration section */

/* Begin XCConfigurationList section */
		4199D8FC29092E430022907F /* Build configuration list for PBXProject "avito-test-2020" */ = {
			isa = XCConfigurationList;
			buildConfigurations = (
				4199D91329092E450022907F /* Debug */,
				4199D91429092E450022907F /* Release */,
			);
			defaultConfigurationIsVisible = 0;
			defaultConfigurationName = Release;
		};
		4199D91529092E450022907F /* Build configuration list for PBXNativeTarget "avito-test-2020" */ = {
			isa = XCConfigurationList;
			buildConfigurations = (
				4199D91629092E450022907F /* Debug */,
				4199D91729092E450022907F /* Release */,
			);
			defaultConfigurationIsVisible = 0;
			defaultConfigurationName = Release;
		};
/* End XCConfigurationList section */
	};
	rootObject = 4199D8F929092E430022907F /* Project object */;
}
